// !$*UTF8*$!
{
	archiveVersion = 1;
	classes = {
	};
	objectVersion = 46;
	objects = {

/* Begin PBXBuildFile section */
		911ED5CA1B8B88B8003EAC1F /* BookDetailViewController.m in Sources */ = {isa = PBXBuildFile; fileRef = 911ED5C91B8B88B8003EAC1F /* BookDetailViewController.m */; };
		911ED5CD1B8B8B2E003EAC1F /* BookSwitchTableViewCell.m in Sources */ = {isa = PBXBuildFile; fileRef = 911ED5CC1B8B8B2E003EAC1F /* BookSwitchTableViewCell.m */; };
		911ED5D01B8B8D07003EAC1F /* EditBookViewController.m in Sources */ = {isa = PBXBuildFile; fileRef = 911ED5CF1B8B8D07003EAC1F /* EditBookViewController.m */; };
		911ED5D31B8B8D84003EAC1F /* AllBooksTableViewDataSource.m in Sources */ = {isa = PBXBuildFile; fileRef = 911ED5D21B8B8D84003EAC1F /* AllBooksTableViewDataSource.m */; };
		911ED5DC1B8B9373003EAC1F /* BookController.m in Sources */ = {isa = PBXBuildFile; fileRef = 911ED5DB1B8B9373003EAC1F /* BookController.m */; };
		911ED5E01B8B95BB003EAC1F /* Stack.m in Sources */ = {isa = PBXBuildFile; fileRef = 911ED5DF1B8B95BB003EAC1F /* Stack.m */; };
		911ED5E31B8B97AF003EAC1F /* Model.xcdatamodeld in Sources */ = {isa = PBXBuildFile; fileRef = 911ED5E11B8B97AF003EAC1F /* Model.xcdatamodeld */; };
		911ED5E91B8B98B4003EAC1F /* Book.m in Sources */ = {isa = PBXBuildFile; fileRef = 911ED5E81B8B98B4003EAC1F /* Book.m */; };
		91BB91461B8B868300CE904A /* main.m in Sources */ = {isa = PBXBuildFile; fileRef = 91BB91451B8B868300CE904A /* main.m */; };
		91BB91491B8B868300CE904A /* AppDelegate.m in Sources */ = {isa = PBXBuildFile; fileRef = 91BB91481B8B868300CE904A /* AppDelegate.m */; };
		91BB914C1B8B868300CE904A /* AllBooksListViewController.m in Sources */ = {isa = PBXBuildFile; fileRef = 91BB914B1B8B868300CE904A /* AllBooksListViewController.m */; };
		91BB914F1B8B868300CE904A /* Main.storyboard in Resources */ = {isa = PBXBuildFile; fileRef = 91BB914D1B8B868300CE904A /* Main.storyboard */; };
		91BB91511B8B868300CE904A /* Images.xcassets in Resources */ = {isa = PBXBuildFile; fileRef = 91BB91501B8B868300CE904A /* Images.xcassets */; };
		91BB91541B8B868300CE904A /* LaunchScreen.xib in Resources */ = {isa = PBXBuildFile; fileRef = 91BB91521B8B868300CE904A /* LaunchScreen.xib */; };
		91BB91601B8B868300CE904A /* LibraryReviewTests.m in Sources */ = {isa = PBXBuildFile; fileRef = 91BB915F1B8B868300CE904A /* LibraryReviewTests.m */; };
/* End PBXBuildFile section */

/* Begin PBXContainerItemProxy section */
		91BB915A1B8B868300CE904A /* PBXContainerItemProxy */ = {
			isa = PBXContainerItemProxy;
			containerPortal = 91BB91381B8B868300CE904A /* Project object */;
			proxyType = 1;
			remoteGlobalIDString = 91BB913F1B8B868300CE904A;
			remoteInfo = LibraryReview;
		};
/* End PBXContainerItemProxy section */

/* Begin PBXFileReference section */
		911ED5C81B8B88B8003EAC1F /* BookDetailViewController.h */ = {isa = PBXFileReference; fileEncoding = 4; lastKnownFileType = sourcecode.c.h; path = BookDetailViewController.h; sourceTree = "<group>"; };
		911ED5C91B8B88B8003EAC1F /* BookDetailViewController.m */ = {isa = PBXFileReference; fileEncoding = 4; lastKnownFileType = sourcecode.c.objc; path = BookDetailViewController.m; sourceTree = "<group>"; };
		911ED5CB1B8B8B2E003EAC1F /* BookSwitchTableViewCell.h */ = {isa = PBXFileReference; fileEncoding = 4; lastKnownFileType = sourcecode.c.h; path = BookSwitchTableViewCell.h; sourceTree = "<group>"; };
		911ED5CC1B8B8B2E003EAC1F /* BookSwitchTableViewCell.m */ = {isa = PBXFileReference; fileEncoding = 4; lastKnownFileType = sourcecode.c.objc; path = BookSwitchTableViewCell.m; sourceTree = "<group>"; };
		911ED5CE1B8B8D07003EAC1F /* EditBookViewController.h */ = {isa = PBXFileReference; fileEncoding = 4; lastKnownFileType = sourcecode.c.h; path = EditBookViewController.h; sourceTree = "<group>"; };
		911ED5CF1B8B8D07003EAC1F /* EditBookViewController.m */ = {isa = PBXFileReference; fileEncoding = 4; lastKnownFileType = sourcecode.c.objc; path = EditBookViewController.m; sourceTree = "<group>"; };
		911ED5D11B8B8D84003EAC1F /* AllBooksTableViewDataSource.h */ = {isa = PBXFileReference; fileEncoding = 4; lastKnownFileType = sourcecode.c.h; path = AllBooksTableViewDataSource.h; sourceTree = "<group>"; };
		911ED5D21B8B8D84003EAC1F /* AllBooksTableViewDataSource.m */ = {isa = PBXFileReference; fileEncoding = 4; lastKnownFileType = sourcecode.c.objc; path = AllBooksTableViewDataSource.m; sourceTree = "<group>"; };
		911ED5DA1B8B9373003EAC1F /* BookController.h */ = {isa = PBXFileReference; fileEncoding = 4; lastKnownFileType = sourcecode.c.h; path = BookController.h; sourceTree = "<group>"; };
		911ED5DB1B8B9373003EAC1F /* BookController.m */ = {isa = PBXFileReference; fileEncoding = 4; lastKnownFileType = sourcecode.c.objc; path = BookController.m; sourceTree = "<group>"; };
		911ED5DE1B8B95BB003EAC1F /* Stack.h */ = {isa = PBXFileReference; fileEncoding = 4; lastKnownFileType = sourcecode.c.h; path = Stack.h; sourceTree = "<group>"; };
		911ED5DF1B8B95BB003EAC1F /* Stack.m */ = {isa = PBXFileReference; fileEncoding = 4; lastKnownFileType = sourcecode.c.objc; path = Stack.m; sourceTree = "<group>"; };
		911ED5E21B8B97AF003EAC1F /* Model.xcdatamodel */ = {isa = PBXFileReference; lastKnownFileType = wrapper.xcdatamodel; path = Model.xcdatamodel; sourceTree = "<group>"; };
		911ED5E71B8B98B4003EAC1F /* Book.h */ = {isa = PBXFileReference; fileEncoding = 4; lastKnownFileType = sourcecode.c.h; name = Book.h; path = ../Book.h; sourceTree = "<group>"; };
		911ED5E81B8B98B4003EAC1F /* Book.m */ = {isa = PBXFileReference; fileEncoding = 4; lastKnownFileType = sourcecode.c.objc; name = Book.m; path = ../Book.m; sourceTree = "<group>"; };
		91BB91401B8B868300CE904A /* LibraryReview.app */ = {isa = PBXFileReference; explicitFileType = wrapper.application; includeInIndex = 0; path = LibraryReview.app; sourceTree = BUILT_PRODUCTS_DIR; };
		91BB91441B8B868300CE904A /* Info.plist */ = {isa = PBXFileReference; lastKnownFileType = text.plist.xml; path = Info.plist; sourceTree = "<group>"; };
		91BB91451B8B868300CE904A /* main.m */ = {isa = PBXFileReference; lastKnownFileType = sourcecode.c.objc; path = main.m; sourceTree = "<group>"; };
		91BB91471B8B868300CE904A /* AppDelegate.h */ = {isa = PBXFileReference; lastKnownFileType = sourcecode.c.h; path = AppDelegate.h; sourceTree = "<group>"; };
		91BB91481B8B868300CE904A /* AppDelegate.m */ = {isa = PBXFileReference; lastKnownFileType = sourcecode.c.objc; path = AppDelegate.m; sourceTree = "<group>"; };
		91BB914A1B8B868300CE904A /* AllBooksListViewController.h */ = {isa = PBXFileReference; lastKnownFileType = sourcecode.c.h; path = AllBooksListViewController.h; sourceTree = "<group>"; };
		91BB914B1B8B868300CE904A /* AllBooksListViewController.m */ = {isa = PBXFileReference; lastKnownFileType = sourcecode.c.objc; path = AllBooksListViewController.m; sourceTree = "<group>"; };
		91BB914E1B8B868300CE904A /* Base */ = {isa = PBXFileReference; lastKnownFileType = file.storyboard; name = Base; path = Base.lproj/Main.storyboard; sourceTree = "<group>"; };
		91BB91501B8B868300CE904A /* Images.xcassets */ = {isa = PBXFileReference; lastKnownFileType = folder.assetcatalog; path = Images.xcassets; sourceTree = "<group>"; };
		91BB91531B8B868300CE904A /* Base */ = {isa = PBXFileReference; lastKnownFileType = file.xib; name = Base; path = Base.lproj/LaunchScreen.xib; sourceTree = "<group>"; };
		91BB91591B8B868300CE904A /* LibraryReviewTests.xctest */ = {isa = PBXFileReference; explicitFileType = wrapper.cfbundle; includeInIndex = 0; path = LibraryReviewTests.xctest; sourceTree = BUILT_PRODUCTS_DIR; };
		91BB915E1B8B868300CE904A /* Info.plist */ = {isa = PBXFileReference; lastKnownFileType = text.plist.xml; path = Info.plist; sourceTree = "<group>"; };
		91BB915F1B8B868300CE904A /* LibraryReviewTests.m */ = {isa = PBXFileReference; lastKnownFileType = sourcecode.c.objc; path = LibraryReviewTests.m; sourceTree = "<group>"; };
/* End PBXFileReference section */

/* Begin PBXFrameworksBuildPhase section */
		91BB913D1B8B868300CE904A /* Frameworks */ = {
			isa = PBXFrameworksBuildPhase;
			buildActionMask = 2147483647;
			files = (
			);
			runOnlyForDeploymentPostprocessing = 0;
		};
		91BB91561B8B868300CE904A /* Frameworks */ = {
			isa = PBXFrameworksBuildPhase;
			buildActionMask = 2147483647;
			files = (
			);
			runOnlyForDeploymentPostprocessing = 0;
		};
/* End PBXFrameworksBuildPhase section */

/* Begin PBXGroup section */
		911ED5D41B8B92E3003EAC1F /* Book List View Controller */ = {
			isa = PBXGroup;
			children = (
				91BB914A1B8B868300CE904A /* AllBooksListViewController.h */,
				91BB914B1B8B868300CE904A /* AllBooksListViewController.m */,
				911ED5CB1B8B8B2E003EAC1F /* BookSwitchTableViewCell.h */,
				911ED5CC1B8B8B2E003EAC1F /* BookSwitchTableViewCell.m */,
				911ED5D11B8B8D84003EAC1F /* AllBooksTableViewDataSource.h */,
				911ED5D21B8B8D84003EAC1F /* AllBooksTableViewDataSource.m */,
			);
			name = "Book List View Controller";
			sourceTree = "<group>";
		};
		911ED5D51B8B9307003EAC1F /* Edit Book View Contoller */ = {
			isa = PBXGroup;
			children = (
				911ED5CE1B8B8D07003EAC1F /* EditBookViewController.h */,
				911ED5CF1B8B8D07003EAC1F /* EditBookViewController.m */,
			);
			name = "Edit Book View Contoller";
			sourceTree = "<group>";
		};
		911ED5D61B8B933B003EAC1F /* Detail Book View Controller */ = {
			isa = PBXGroup;
			children = (
				911ED5C81B8B88B8003EAC1F /* BookDetailViewController.h */,
				911ED5C91B8B88B8003EAC1F /* BookDetailViewController.m */,
				911ED5DD1B8B9380003EAC1F /* Model */,
			);
			name = "Detail Book View Controller";
			sourceTree = "<group>";
		};
		911ED5DD1B8B9380003EAC1F /* Model */ = {
			isa = PBXGroup;
			children = (
				911ED5DE1B8B95BB003EAC1F /* Stack.h */,
				911ED5DF1B8B95BB003EAC1F /* Stack.m */,
				911ED5E71B8B98B4003EAC1F /* Book.h */,
				911ED5E81B8B98B4003EAC1F /* Book.m */,
				911ED5DA1B8B9373003EAC1F /* BookController.h */,
				911ED5DB1B8B9373003EAC1F /* BookController.m */,
				911ED5E11B8B97AF003EAC1F /* Model.xcdatamodeld */,
			);
			name = Model;
			sourceTree = "<group>";
		};
		91BB91371B8B868300CE904A = {
			isa = PBXGroup;
			children = (
				91BB91421B8B868300CE904A /* LibraryReview */,
				91BB915C1B8B868300CE904A /* LibraryReviewTests */,
				91BB91411B8B868300CE904A /* Products */,
			);
			sourceTree = "<group>";
		};
		91BB91411B8B868300CE904A /* Products */ = {
			isa = PBXGroup;
			children = (
				91BB91401B8B868300CE904A /* LibraryReview.app */,
				91BB91591B8B868300CE904A /* LibraryReviewTests.xctest */,
			);
			name = Products;
			sourceTree = "<group>";
		};
		91BB91421B8B868300CE904A /* LibraryReview */ = {
			isa = PBXGroup;
			children = (
				91BB91471B8B868300CE904A /* AppDelegate.h */,
				91BB91481B8B868300CE904A /* AppDelegate.m */,
				911ED5D61B8B933B003EAC1F /* Detail Book View Controller */,
				911ED5D41B8B92E3003EAC1F /* Book List View Controller */,
				911ED5D51B8B9307003EAC1F /* Edit Book View Contoller */,
				91BB914D1B8B868300CE904A /* Main.storyboard */,
				91BB91501B8B868300CE904A /* Images.xcassets */,
				91BB91521B8B868300CE904A /* LaunchScreen.xib */,
				91BB91431B8B868300CE904A /* Supporting Files */,
			);
			path = LibraryReview;
			sourceTree = "<group>";
		};
		91BB91431B8B868300CE904A /* Supporting Files */ = {
			isa = PBXGroup;
			children = (
				91BB91441B8B868300CE904A /* Info.plist */,
				91BB91451B8B868300CE904A /* main.m */,
			);
			name = "Supporting Files";
			sourceTree = "<group>";
		};
		91BB915C1B8B868300CE904A /* LibraryReviewTests */ = {
			isa = PBXGroup;
			children = (
				91BB915F1B8B868300CE904A /* LibraryReviewTests.m */,
				91BB915D1B8B868300CE904A /* Supporting Files */,
			);
			path = LibraryReviewTests;
			sourceTree = "<group>";
		};
		91BB915D1B8B868300CE904A /* Supporting Files */ = {
			isa = PBXGroup;
			children = (
				91BB915E1B8B868300CE904A /* Info.plist */,
			);
			name = "Supporting Files";
			sourceTree = "<group>";
		};
/* End PBXGroup section */

/* Begin PBXNativeTarget section */
		91BB913F1B8B868300CE904A /* LibraryReview */ = {
			isa = PBXNativeTarget;
			buildConfigurationList = 91BB91631B8B868300CE904A /* Build configuration list for PBXNativeTarget "LibraryReview" */;
			buildPhases = (
				91BB913C1B8B868300CE904A /* Sources */,
				91BB913D1B8B868300CE904A /* Frameworks */,
				91BB913E1B8B868300CE904A /* Resources */,
			);
			buildRules = (
			);
			dependencies = (
			);
			name = LibraryReview;
			productName = LibraryReview;
			productReference = 91BB91401B8B868300CE904A /* LibraryReview.app */;
			productType = "com.apple.product-type.application";
		};
		91BB91581B8B868300CE904A /* LibraryReviewTests */ = {
			isa = PBXNativeTarget;
			buildConfigurationList = 91BB91661B8B868300CE904A /* Build configuration list for PBXNativeTarget "LibraryReviewTests" */;
			buildPhases = (
				91BB91551B8B868300CE904A /* Sources */,
				91BB91561B8B868300CE904A /* Frameworks */,
				91BB91571B8B868300CE904A /* Resources */,
			);
			buildRules = (
			);
			dependencies = (
				91BB915B1B8B868300CE904A /* PBXTargetDependency */,
			);
			name = LibraryReviewTests;
			productName = LibraryReviewTests;
			productReference = 91BB91591B8B868300CE904A /* LibraryReviewTests.xctest */;
			productType = "com.apple.product-type.bundle.unit-test";
		};
/* End PBXNativeTarget section */

/* Begin PBXProject section */
		91BB91381B8B868300CE904A /* Project object */ = {
			isa = PBXProject;
			attributes = {
				LastUpgradeCheck = 0640;
				ORGANIZATIONNAME = "Robert Shepperd";
				TargetAttributes = {
					91BB913F1B8B868300CE904A = {
						CreatedOnToolsVersion = 6.4;
					};
					91BB91581B8B868300CE904A = {
						CreatedOnToolsVersion = 6.4;
						TestTargetID = 91BB913F1B8B868300CE904A;
					};
				};
			};
			buildConfigurationList = 91BB913B1B8B868300CE904A /* Build configuration list for PBXProject "LibraryReview" */;
			compatibilityVersion = "Xcode 3.2";
			developmentRegion = English;
			hasScannedForEncodings = 0;
			knownRegions = (
				en,
				Base,
			);
			mainGroup = 91BB91371B8B868300CE904A;
			productRefGroup = 91BB91411B8B868300CE904A /* Products */;
			projectDirPath = "";
			projectRoot = "";
			targets = (
				91BB913F1B8B868300CE904A /* LibraryReview */,
				91BB91581B8B868300CE904A /* LibraryReviewTests */,
			);
		};
/* End PBXProject section */

/* Begin PBXResourcesBuildPhase section */
		91BB913E1B8B868300CE904A /* Resources */ = {
			isa = PBXResourcesBuildPhase;
			buildActionMask = 2147483647;
			files = (
				91BB914F1B8B868300CE904A /* Main.storyboard in Resources */,
				91BB91541B8B868300CE904A /* LaunchScreen.xib in Resources */,
				91BB91511B8B868300CE904A /* Images.xcassets in Resources */,
			);
			runOnlyForDeploymentPostprocessing = 0;
		};
		91BB91571B8B868300CE904A /* Resources */ = {
			isa = PBXResourcesBuildPhase;
			buildActionMask = 2147483647;
			files = (
			);
			runOnlyForDeploymentPostprocessing = 0;
		};
/* End PBXResourcesBuildPhase section */

/* Begin PBXSourcesBuildPhase section */
		91BB913C1B8B868300CE904A /* Sources */ = {
			isa = PBXSourcesBuildPhase;
			buildActionMask = 2147483647;
			files = (
				911ED5E31B8B97AF003EAC1F /* Model.xcdatamodeld in Sources */,
				91BB914C1B8B868300CE904A /* AllBooksListViewController.m in Sources */,
				911ED5D01B8B8D07003EAC1F /* EditBookViewController.m in Sources */,
				91BB91491B8B868300CE904A /* AppDelegate.m in Sources */,
				911ED5E91B8B98B4003EAC1F /* Book.m in Sources */,
				911ED5D31B8B8D84003EAC1F /* AllBooksTableViewDataSource.m in Sources */,
				911ED5DC1B8B9373003EAC1F /* BookController.m in Sources */,
				911ED5CA1B8B88B8003EAC1F /* BookDetailViewController.m in Sources */,
				911ED5CD1B8B8B2E003EAC1F /* BookSwitchTableViewCell.m in Sources */,
				911ED5E01B8B95BB003EAC1F /* Stack.m in Sources */,
				91BB91461B8B868300CE904A /* main.m in Sources */,
			);
			runOnlyForDeploymentPostprocessing = 0;
		};
		91BB91551B8B868300CE904A /* Sources */ = {
			isa = PBXSourcesBuildPhase;
			buildActionMask = 2147483647;
			files = (
				91BB91601B8B868300CE904A /* LibraryReviewTests.m in Sources */,
			);
			runOnlyForDeploymentPostprocessing = 0;
		};
/* End PBXSourcesBuildPhase section */

/* Begin PBXTargetDependency section */
		91BB915B1B8B868300CE904A /* PBXTargetDependency */ = {
			isa = PBXTargetDependency;
			target = 91BB913F1B8B868300CE904A /* LibraryReview */;
			targetProxy = 91BB915A1B8B868300CE904A /* PBXContainerItemProxy */;
		};
/* End PBXTargetDependency section */

/* Begin PBXVariantGroup section */
		91BB914D1B8B868300CE904A /* Main.storyboard */ = {
			isa = PBXVariantGroup;
			children = (
				91BB914E1B8B868300CE904A /* Base */,
			);
			name = Main.storyboard;
			sourceTree = "<group>";
		};
		91BB91521B8B868300CE904A /* LaunchScreen.xib */ = {
			isa = PBXVariantGroup;
			children = (
				91BB91531B8B868300CE904A /* Base */,
			);
			name = LaunchScreen.xib;
			sourceTree = "<group>";
		};
/* End PBXVariantGroup section */

/* Begin XCBuildConfiguration section */
		91BB91611B8B868300CE904A /* Debug */ = {
			isa = XCBuildConfiguration;
			buildSettings = {
				ALWAYS_SEARCH_USER_PATHS = NO;
				CLANG_CXX_LANGUAGE_STANDARD = "gnu++0x";
				CLANG_CXX_LIBRARY = "libc++";
				CLANG_ENABLE_MODULES = YES;
				CLANG_ENABLE_OBJC_ARC = YES;
				CLANG_WARN_BOOL_CONVERSION = YES;
				CLANG_WARN_CONSTANT_CONVERSION = YES;
				CLANG_WARN_DIRECT_OBJC_ISA_USAGE = YES_ERROR;
				CLANG_WARN_EMPTY_BODY = YES;
				CLANG_WARN_ENUM_CONVERSION = YES;
				CLANG_WARN_INT_CONVERSION = YES;
				CLANG_WARN_OBJC_ROOT_CLASS = YES_ERROR;
				CLANG_WARN_UNREACHABLE_CODE = YES;
				CLANG_WARN__DUPLICATE_METHOD_MATCH = YES;
				"CODE_SIGN_IDENTITY[sdk=iphoneos*]" = "iPhone Developer";
				COPY_PHASE_STRIP = NO;
				DEBUG_INFORMATION_FORMAT = "dwarf-with-dsym";
				ENABLE_STRICT_OBJC_MSGSEND = YES;
				GCC_C_LANGUAGE_STANDARD = gnu99;
				GCC_DYNAMIC_NO_PIC = NO;
				GCC_NO_COMMON_BLOCKS = YES;
				GCC_OPTIMIZATION_LEVEL = 0;
				GCC_PREPROCESSOR_DEFINITIONS = (
					"DEBUG=1",
					"$(inherited)",
				);
				GCC_SYMBOLS_PRIVATE_EXTERN = NO;
				GCC_WARN_64_TO_32_BIT_CONVERSION = YES;
				GCC_WARN_ABOUT_RETURN_TYPE = YES_ERROR;
				GCC_WARN_UNDECLARED_SELECTOR = YES;
				GCC_WARN_UNINITIALIZED_AUTOS = YES_AGGRESSIVE;
				GCC_WARN_UNUSED_FUNCTION = YES;
				GCC_WARN_UNUSED_VARIABLE = YES;
				IPHONEOS_DEPLOYMENT_TARGET = 8.4;
				MTL_ENABLE_DEBUG_INFO = YES;
				ONLY_ACTIVE_ARCH = YES;
				SDKROOT = iphoneos;
			};
			name = Debug;
		};
		91BB91621B8B868300CE904A /* Release */ = {
			isa = XCBuildConfiguration;
			buildSettings = {
				ALWAYS_SEARCH_USER_PATHS = NO;
				CLANG_CXX_LANGUAGE_STANDARD = "gnu++0x";
				CLANG_CXX_LIBRARY = "libc++";
				CLANG_ENABLE_MODULES = YES;
				CLANG_ENABLE_OBJC_ARC = YES;
				CLANG_WARN_BOOL_CONVERSION = YES;
				CLANG_WARN_CONSTANT_CONVERSION = YES;
				CLANG_WARN_DIRECT_OBJC_ISA_USAGE = YES_ERROR;
				CLANG_WARN_EMPTY_BODY = YES;
				CLANG_WARN_ENUM_CONVERSION = YES;
				CLANG_WARN_INT_CONVERSION = YES;
				CLANG_WARN_OBJC_ROOT_CLASS = YES_ERROR;
				CLANG_WARN_UNREACHABLE_CODE = YES;
				CLANG_WARN__DUPLICATE_METHOD_MATCH = YES;
				"CODE_SIGN_IDENTITY[sdk=iphoneos*]" = "iPhone Developer";
				COPY_PHASE_STRIP = NO;
				DEBUG_INFORMATION_FORMAT = "dwarf-with-dsym";
				ENABLE_NS_ASSERTIONS = NO;
				ENABLE_STRICT_OBJC_MSGSEND = YES;
				GCC_C_LANGUAGE_STANDARD = gnu99;
				GCC_NO_COMMON_BLOCKS = YES;
				GCC_WARN_64_TO_32_BIT_CONVERSION = YES;
				GCC_WARN_ABOUT_RETURN_TYPE = YES_ERROR;
				GCC_WARN_UNDECLARED_SELECTOR = YES;
				GCC_WARN_UNINITIALIZED_AUTOS = YES_AGGRESSIVE;
				GCC_WARN_UNUSED_FUNCTION = YES;
				GCC_WARN_UNUSED_VARIABLE = YES;
				IPHONEOS_DEPLOYMENT_TARGET = 8.4;
				MTL_ENABLE_DEBUG_INFO = NO;
				SDKROOT = iphoneos;
				VALIDATE_PRODUCT = YES;
			};
			name = Release;
		};
		91BB91641B8B868300CE904A /* Debug */ = {
			isa = XCBuildConfiguration;
			buildSettings = {
				ASSETCATALOG_COMPILER_APPICON_NAME = AppIcon;
				INFOPLIST_FILE = LibraryReview/Info.plist;
				LD_RUNPATH_SEARCH_PATHS = "$(inherited) @executable_path/Frameworks";
				PRODUCT_NAME = "$(TARGET_NAME)";
			};
			name = Debug;
		};
		91BB91651B8B868300CE904A /* Release */ = {
			isa = XCBuildConfiguration;
			buildSettings = {
				ASSETCATALOG_COMPILER_APPICON_NAME = AppIcon;
				INFOPLIST_FILE = LibraryReview/Info.plist;
				LD_RUNPATH_SEARCH_PATHS = "$(inherited) @executable_path/Frameworks";
				PRODUCT_NAME = "$(TARGET_NAME)";
			};
			name = Release;
		};
		91BB91671B8B868300CE904A /* Debug */ = {
			isa = XCBuildConfiguration;
			buildSettings = {
				BUNDLE_LOADER = "$(TEST_HOST)";
				FRAMEWORK_SEARCH_PATHS = (
					"$(SDKROOT)/Developer/Library/Frameworks",
					"$(inherited)",
				);
				GCC_PREPROCESSOR_DEFINITIONS = (
					"DEBUG=1",
					"$(inherited)",
				);
				INFOPLIST_FILE = LibraryReviewTests/Info.plist;
				LD_RUNPATH_SEARCH_PATHS = "$(inherited) @executable_path/Frameworks @loader_path/Frameworks";
				PRODUCT_NAME = "$(TARGET_NAME)";
				TEST_HOST = "$(BUILT_PRODUCTS_DIR)/LibraryReview.app/LibraryReview";
			};
			name = Debug;
		};
		91BB91681B8B868300CE904A /* Release */ = {
			isa = XCBuildConfiguration;
			buildSettings = {
				BUNDLE_LOADER = "$(TEST_HOST)";
				FRAMEWORK_SEARCH_PATHS = (
					"$(SDKROOT)/Developer/Library/Frameworks",
					"$(inherited)",
				);
				INFOPLIST_FILE = LibraryReviewTests/Info.plist;
				LD_RUNPATH_SEARCH_PATHS = "$(inherited) @executable_path/Frameworks @loader_path/Frameworks";
				PRODUCT_NAME = "$(TARGET_NAME)";
				TEST_HOST = "$(BUILT_PRODUCTS_DIR)/LibraryReview.app/LibraryReview";
			};
			name = Release;
		};
/* End XCBuildConfiguration section */

/* Begin XCConfigurationList section */
		91BB913B1B8B868300CE904A /* Build configuration list for PBXProject "LibraryReview" */ = {
			isa = XCConfigurationList;
			buildConfigurations = (
				91BB91611B8B868300CE904A /* Debug */,
				91BB91621B8B868300CE904A /* Release */,
			);
			defaultConfigurationIsVisible = 0;
			defaultConfigurationName = Release;
		};
		91BB91631B8B868300CE904A /* Build configuration list for PBXNativeTarget "LibraryReview" */ = {
			isa = XCConfigurationList;
			buildConfigurations = (
				91BB91641B8B868300CE904A /* Debug */,
				91BB91651B8B868300CE904A /* Release */,
			);
			defaultConfigurationIsVisible = 0;
			defaultConfigurationName = Release;
		};
		91BB91661B8B868300CE904A /* Build configuration list for PBXNativeTarget "LibraryReviewTests" */ = {
			isa = XCConfigurationList;
			buildConfigurations = (
				91BB91671B8B868300CE904A /* Debug */,
				91BB91681B8B868300CE904A /* Release */,
			);
			defaultConfigurationIsVisible = 0;
			defaultConfigurationName = Release;
		};
/* End XCConfigurationList section */

/* Begin XCVersionGroup section */
		911ED5E11B8B97AF003EAC1F /* Model.xcdatamodeld */ = {
			isa = XCVersionGroup;
			children = (
				911ED5E21B8B97AF003EAC1F /* Model.xcdatamodel */,
			);
			currentVersion = 911ED5E21B8B97AF003EAC1F /* Model.xcdatamodel */;
			name = Model.xcdatamodeld;
			path = ../Model.xcdatamodeld;
			sourceTree = "<group>";
			versionGroupType = wrapper.xcdatamodel;
		};
/* End XCVersionGroup section */
	};
	rootObject = 91BB91381B8B868300CE904A /* Project object */;
}
